
Microsoft Visual Studio Solution File, Format Version 12.00
# Visual Studio Version 16
VisualStudioVersion = 16.0.31424.327
MinimumVisualStudioVersion = 10.0.40219.1
Project("{FAE04EC0-301F-11D3-BF4B-00C04F79EFBC}") = "Calculator", "Calculator\Calculator.csproj", "{BEA42BBE-9CC4-4579-A70F-1B47CA2C77BE}"
EndProject
Global
	GlobalSection(SolutionConfigurationPlatforms) = preSolution
		Debug|Any CPU = Debug|Any CPU
		Release|Any CPU = Release|Any CPU
	EndGlobalSection
	GlobalSection(ProjectConfigurationPlatforms) = postSolution
		{BEA42BBE-9CC4-4579-A70F-1B47CA2C77BE}.Debug|Any CPU.ActiveCfg = Debug|Any CPU
		{BEA42BBE-9CC4-4579-A70F-1B47CA2C77BE}.Debug|Any CPU.Build.0 = Debug|Any CPU
		{BEA42BBE-9CC4-4579-A70F-1B47CA2C77BE}.Release|Any CPU.ActiveCfg = Release|Any CPU
		{BEA42BBE-9CC4-4579-A70F-1B47CA2C77BE}.Release|Any CPU.Build.0 = Release|Any CPU
	EndGlobalSection
	GlobalSection(SolutionProperties) = preSolution
		HideSolutionNode = FALSE
	EndGlobalSection
	GlobalSection(ExtensibilityGlobals) = postSolution
		SolutionGuid = {65380DDE-917E-4FB4-9457-CCFCB4E8FEFC}
	EndGlobalSection
EndGlobal
